
Microsoft Visual Studio Solution File, Format Version 12.00
# Visual Studio Version 17
VisualStudioVersion = 17.8.34511.84
MinimumVisualStudioVersion = 10.0.40219.1
Project("{FAE04EC0-301F-11D3-BF4B-00C04F79EFBC}") = "OrcusRemover", "OrcusRemover\OrcusRemover.csproj", "{134D2391-36D6-42BF-9C26-04056B4098DE}"
EndProject
Global
	GlobalSection(SolutionConfigurationPlatforms) = preSolution
		Debug|Any CPU = Debug|Any CPU
		Release|Any CPU = Release|Any CPU
	EndGlobalSection
	GlobalSection(ProjectConfigurationPlatforms) = postSolution
		{134D2391-36D6-42BF-9C26-04056B4098DE}.Debug|Any CPU.ActiveCfg = Debug|Any CPU
		{134D2391-36D6-42BF-9C26-04056B4098DE}.Debug|Any CPU.Build.0 = Debug|Any CPU
		{134D2391-36D6-42BF-9C26-04056B4098DE}.Release|Any CPU.ActiveCfg = Release|Any CPU
		{134D2391-36D6-42BF-9C26-04056B4098DE}.Release|Any CPU.Build.0 = Release|Any CPU
	EndGlobalSection
	GlobalSection(SolutionProperties) = preSolution
		HideSolutionNode = FALSE
	EndGlobalSection
	GlobalSection(ExtensibilityGlobals) = postSolution
		SolutionGuid = {85476B5E-69A6-4888-AF54-C97BD02BC25E}
	EndGlobalSection
EndGlobal
